
Microsoft Visual Studio Solution File, Format Version 12.00
# Visual Studio Version 16
VisualStudioVersion = 16.0.30804.86
MinimumVisualStudioVersion = 10.0.40219.1
Project("{FAE04EC0-301F-11D3-BF4B-00C04F79EFBC}") = "Hadisko", "Hadisko\Hadisko.csproj", "{C0222E56-19F8-436F-91DE-F74E8471685D}"
EndProject
Global
	GlobalSection(SolutionConfigurationPlatforms) = preSolution
		Debug|Any CPU = Debug|Any CPU
		Release|Any CPU = Release|Any CPU
	EndGlobalSection
	GlobalSection(ProjectConfigurationPlatforms) = postSolution
		{C0222E56-19F8-436F-91DE-F74E8471685D}.Debug|Any CPU.ActiveCfg = Debug|Any CPU
		{C0222E56-19F8-436F-91DE-F74E8471685D}.Debug|Any CPU.Build.0 = Debug|Any CPU
		{C0222E56-19F8-436F-91DE-F74E8471685D}.Release|Any CPU.ActiveCfg = Release|Any CPU
		{C0222E56-19F8-436F-91DE-F74E8471685D}.Release|Any CPU.Build.0 = Release|Any CPU
	EndGlobalSection
	GlobalSection(SolutionProperties) = preSolution
		HideSolutionNode = FALSE
	EndGlobalSection
	GlobalSection(ExtensibilityGlobals) = postSolution
		SolutionGuid = {FB3D2525-F5C2-41BE-95A5-0CDCCDFB9912}
	EndGlobalSection
EndGlobal
