
Microsoft Visual Studio Solution File, Format Version 12.00
# Visual Studio Version 17
VisualStudioVersion = 17.0.32014.148
MinimumVisualStudioVersion = 10.0.40219.1
Project("{FAE04EC0-301F-11D3-BF4B-00C04F79EFBC}") = "Patnactka", "Patnactka\Patnactka.csproj", "{DFC929AD-23EE-4855-84EE-FD9E0488BC9E}"
EndProject
Global
	GlobalSection(SolutionConfigurationPlatforms) = preSolution
		Debug|Any CPU = Debug|Any CPU
		Release|Any CPU = Release|Any CPU
	EndGlobalSection
	GlobalSection(ProjectConfigurationPlatforms) = postSolution
		{DFC929AD-23EE-4855-84EE-FD9E0488BC9E}.Debug|Any CPU.ActiveCfg = Debug|Any CPU
		{DFC929AD-23EE-4855-84EE-FD9E0488BC9E}.Debug|Any CPU.Build.0 = Debug|Any CPU
		{DFC929AD-23EE-4855-84EE-FD9E0488BC9E}.Release|Any CPU.ActiveCfg = Release|Any CPU
		{DFC929AD-23EE-4855-84EE-FD9E0488BC9E}.Release|Any CPU.Build.0 = Release|Any CPU
	EndGlobalSection
	GlobalSection(SolutionProperties) = preSolution
		HideSolutionNode = FALSE
	EndGlobalSection
	GlobalSection(ExtensibilityGlobals) = postSolution
		SolutionGuid = {46F57002-DB60-4E76-A61F-B5B411CD8F18}
	EndGlobalSection
EndGlobal
